
Microsoft Visual Studio Solution File, Format Version 12.00
# Visual Studio 15
Project("{FAE04EC0-301F-11D3-BF4B-00C04F79EFBC}") = "unity-roguelike", "unity-roguelike.csproj", "{539FBC42-8E63-F85F-3846-C1C46FB7F09B}"
EndProject
Project("{FAE04EC0-301F-11D3-BF4B-00C04F79EFBC}") = "unity-roguelike.Editor", "unity-roguelike.Editor.csproj", "{5B85BC6B-DFB7-DBF7-4EF7-FE039B073C15}"
EndProject
Global
	GlobalSection(SolutionConfigurationPlatforms) = preSolution
		Debug|Any CPU = Debug|Any CPU
		Release|Any CPU = Release|Any CPU
	EndGlobalSection
	GlobalSection(ProjectConfigurationPlatforms) = postSolution
		{539FBC42-8E63-F85F-3846-C1C46FB7F09B}.Debug|Any CPU.ActiveCfg = Debug|Any CPU
		{539FBC42-8E63-F85F-3846-C1C46FB7F09B}.Debug|Any CPU.Build.0 = Debug|Any CPU
		{539FBC42-8E63-F85F-3846-C1C46FB7F09B}.Release|Any CPU.ActiveCfg = Release|Any CPU
		{539FBC42-8E63-F85F-3846-C1C46FB7F09B}.Release|Any CPU.Build.0 = Release|Any CPU
		{5B85BC6B-DFB7-DBF7-4EF7-FE039B073C15}.Debug|Any CPU.ActiveCfg = Debug|Any CPU
		{5B85BC6B-DFB7-DBF7-4EF7-FE039B073C15}.Debug|Any CPU.Build.0 = Debug|Any CPU
		{5B85BC6B-DFB7-DBF7-4EF7-FE039B073C15}.Release|Any CPU.ActiveCfg = Release|Any CPU
		{5B85BC6B-DFB7-DBF7-4EF7-FE039B073C15}.Release|Any CPU.Build.0 = Release|Any CPU
	EndGlobalSection
	GlobalSection(SolutionProperties) = preSolution
		HideSolutionNode = FALSE
	EndGlobalSection
EndGlobal
